# THIS IS AN AUTOGENERATED FILE. DO NOT EDIT THIS FILE DIRECTLY.
assets/NeueHaasGrotesk-Italic.eot:
  development: 2017-12-02T13:21:23-08:00   82420832cb13603eacaae2460c3f474b
assets/NeueHaasGrotesk-Italic.otf:
  development: 2017-12-02T13:21:23-08:00   a5c0f53692cb19db625de67a8b93e855
assets/NeueHaasGrotesk-Italic.svg:
  development: 2017-12-02T13:21:23-08:00   7476aadc71fb05760f9a70ad216fcdd7
assets/NeueHaasGrotesk-Italic.ttf:
  development: 2017-12-02T13:21:23-08:00   e46ad25f10efa516f5b0057125e429d8
assets/NeueHaasGrotesk-Italic.woff:
  development: 2017-12-02T13:21:23-08:00   74dff2cbea00d9f1bb9aea12aec30be1
assets/NeueHaasGrotesk-Medium.eot:
  development: 2017-12-02T13:21:24-08:00   d5db94ccf7dd995f82c8a94f72ae6f01
assets/NeueHaasGrotesk-Medium.otf:
  development: 2017-12-02T13:21:24-08:00   56e776eb757d287700d8b760e4067133
assets/NeueHaasGrotesk-Medium.svg:
  development: 2017-12-02T13:21:24-08:00   32fa9863d07b56f598a61a86b322a3e8
assets/NeueHaasGrotesk-Medium.ttf:
  development: 2017-12-02T13:21:24-08:00   a085ef1db540c8d7cd1bc712d10ec7b0
assets/NeueHaasGrotesk-Medium.woff:
  development: 2017-12-02T13:21:24-08:00   93af32d367d767010b2646f96887eb9d
assets/NeueHaasGrotesk-Roman.eot:
  development: 2017-12-02T13:21:25-08:00   489fc98ae434a11e34e39b2c5ceb6feb
assets/NeueHaasGrotesk-Roman.otf:
  development: 2017-12-02T13:21:25-08:00   c864e9ce0847ffea3f2cb0267f430138
assets/NeueHaasGrotesk-Roman.svg:
  development: 2017-12-02T13:21:25-08:00   95b3a625b5120646e85b1cecf6a49dee
assets/NeueHaasGrotesk-Roman.ttf:
  development: 2017-12-02T13:21:25-08:00   52a1320400708ed9fbb07e24642a3b7f
assets/NeueHaasGrotesk-Roman.woff:
  development: 2017-12-02T13:21:26-08:00   3148ca55d02df4a6907a57db741191d0
assets/about.jpg:
  development: 2017-12-02T13:21:26-08:00   9dd8d4edf44a67d8b5a818d0ea0e76ed
assets/app.js:
  development: 2017-12-02T13:21:26-08:00   e1960b9249467ff6a8d0d617930de2fa
assets/favicon-16x16.png:
  development: 2017-12-02T13:21:26-08:00   5ecd953114a530fbdfc80f9b18cdfd6b
assets/favicon-32x32.png:
  development: 2017-12-02T13:21:26-08:00   0b0ab58e594bedaf8326fe7a90da9387
assets/favicon-apple-touch-icon.png:
  development: 2017-12-02T13:21:26-08:00   f8066b04e57eca9fc882be5f4b774f5d
assets/favicon-manifest.json:
  development: 2017-12-02T13:21:26-08:00   7a3595d455892dcb54e46cdc9a8af3ff
assets/favicon-safari-pinned-tab.svg:
  development: 2017-12-02T13:21:27-08:00   d734592911c071547dbfc1c42a040d1c
assets/fontawesome-webfont.eot:
  development: 2017-12-02T13:21:27-08:00   25a32416abee198dd821b0b17a198a8f
assets/fontawesome-webfont.svg:
  development: 2017-12-02T13:21:27-08:00   d7c639084f684d66a1bc66855d193ed8
assets/fontawesome-webfont.ttf:
  development: 2017-12-02T13:21:27-08:00   1dc35d25e61d819a9c357074014867ab
assets/fontawesome-webfont.woff:
  development: 2017-12-02T13:21:27-08:00   c8ddf1e5e5bf3682bc7bebf30f394148
assets/fontawesome-webfont.woff2:
  development: 2017-12-02T13:21:28-08:00   e6cf7c6ec7c2d6f670ae9d762604cb0b
assets/jquery.currencies.js:
  development: 2017-12-02T13:21:28-08:00   0af760a76ee62af8cb19efc97ca9f971
assets/logo-black.png:
  development: 2017-12-02T13:21:28-08:00   21f6b5e053d4af50bc2df36d8528b00a
assets/logo-white.png:
  development: 2017-12-02T13:21:28-08:00   f92ff95ffdc4b1a30750cd2fffba071b
assets/logo.png:
  development: 2017-12-02T13:21:28-08:00   f9386f3fb742a201b3e5e739b81f742f
assets/main.scss.liquid:
  development: 2017-12-02T14:08:08-08:00   24b26e18f7fb70e773721cb72d2bceeb
assets/modernizr.min.js:
  development: 2017-12-02T13:21:29-08:00   5d885f15f814b903095e0051a484761e
assets/og-share-1.jpg:
  development: 2017-12-02T13:21:29-08:00   c3369a5ccb8afc6a404036e3cb2c078b
assets/og-share-2.jpg:
  development: 2017-12-02T13:21:29-08:00   884b315566a76b3c31a859ff34c56722
assets/og-share-3.jpg:
  development: 2017-12-02T13:21:29-08:00   5e37852ff6ab1cee3daa43abd3a3d98a
assets/product.js:
  development: 2017-12-02T13:21:29-08:00   0f2feadc1ce0c4eda80be695fc61d695
assets/select-down.png:
  development: 2017-12-02T13:21:30-08:00   1368c3a749c4d3ffb83994b664c1ddb5
config/settings_schema.json:
  development: 2017-12-02T13:21:30-08:00   8dbd27d7666cd40cf08f5516fe7234c7
layout/theme.liquid:
  development: 2017-12-02T13:21:30-08:00   6989d98149d259faaa2e2dc3c072f26c
sections/modal-subscribe.liquid:
  development: 2017-12-02T13:21:22-08:00   b03f1b6facf9a75ffa2bbf049d7a1768
sections/page-about-template.liquid:
  development: 2017-12-02T13:21:22-08:00   6ebda4e7dc670faa6eb4ce3e1e94ebeb
sections/ticker.liquid:
  development: 2017-12-02T13:21:22-08:00   18f05eb4d49e55067e61931bf902e6c4
snippets/article-grid-item.liquid:
  development: 2017-12-02T13:21:30-08:00   99d1be50ecf02508409614035c060e18
snippets/collection-grid-item.liquid:
  development: 2017-12-02T13:21:30-08:00   9bc03ebadf875091d5e2eca67c30c490
snippets/collection-listing.liquid:
  development: 2017-12-02T13:21:30-08:00   0204a384895375337c0907e7a82d7ffb
snippets/currencies.liquid:
  development: 2017-12-02T13:21:30-08:00   4ba50a077c3412ec961586edc54d98f7
snippets/favicon.liquid:
  development: 2017-12-02T13:21:30-08:00   cbe9df29f2ffa31d362befc8513facbb
snippets/footer.liquid:
  development: 2017-12-02T13:21:30-08:00   70ef8d09697a1ac7c6e35a90c94fa914
snippets/header.liquid:
  development: 2017-12-02T13:21:30-08:00   18fa441726264b5bd69cab6ed1a162cd
snippets/open-graph-tags.liquid:
  development: 2017-12-02T13:21:30-08:00   44d305e7bcd69e99d586889a9a8e2943
snippets/product-grid-item.liquid:
  development: 2017-12-02T13:21:30-08:00   c8bd54e6ff46beaa881901895486e544
snippets/product-list-collection.liquid:
  development: 2017-12-02T13:21:30-08:00   87ea67970d49a9929fb0d4eac2fda672
snippets/product-list-product-swatches.liquid:
  development: 2017-12-02T13:21:30-08:00   e46d048e1e41de852d1a9e8788f51a01
snippets/product-list-product.liquid:
  development: 2017-12-02T14:03:28-08:00   f7173e30bcbf458824eb8e08f66f2d61
snippets/site-nav.liquid:
  development: 2017-12-02T13:21:30-08:00   db9ff93f4606b14b0173299ef4b1b265
snippets/social-links.liquid:
  development: 2017-12-02T13:21:30-08:00   7308040d4c1b3e3fdfe9e6a047fe2e22
snippets/twitter-card.liquid:
  development: 2017-12-02T13:21:30-08:00   d890500f75624d5697d7181e7b187985
templates/404.liquid:
  development: 2017-12-02T13:21:30-08:00   1eb9852fcf0b85be9ac1ccfbca001455
templates/article.liquid:
  development: 2017-12-02T13:21:30-08:00   aa75b41a1c2c10a52608c75758a1d310
templates/blog.grid.liquid:
  development: 2017-12-02T13:21:30-08:00   8b80c58fd6d60fcbe5e3fa0c089e1813
templates/blog.liquid:
  development: 2017-12-02T13:21:30-08:00   8c50824f9cb94df52f87d32dde61bd00
templates/cart.liquid:
  development: 2017-12-02T13:21:30-08:00   f1bead0cd6321c33d05ee6b1cf95f2c3
templates/collection.liquid:
  development: 2017-12-02T14:07:01-08:00   134370a6f48c919ecd83897184523d07
templates/customers/account.liquid:
  development: 2017-12-02T13:21:30-08:00   da403a6b08646af45bb5be296cb2e822
templates/customers/activate_account.liquid:
  development: 2017-12-02T13:21:30-08:00   6c7371be9b4742a1944f363770a2b3df
templates/customers/addresses.liquid:
  development: 2017-12-02T13:21:30-08:00   e32bbeb2b84dff5281ab838e568efdf7
templates/customers/login.liquid:
  development: 2017-12-02T13:21:30-08:00   aef1c7b3cd6ddadcec426d648b7a2552
templates/customers/register.liquid:
  development: 2017-12-02T13:21:30-08:00   72c4c5d0750d1de57bc289bd780bd6e8
templates/customers/reset_password.liquid:
  development: 2017-12-02T13:21:30-08:00   9988647d236b6a592fa4f79a5c381a82
templates/index.liquid:
  development: 2017-12-02T14:07:06-08:00   50aca4687b7b14849c9cecb2b91aeb36
templates/list-collections.liquid:
  development: 2017-12-02T13:21:30-08:00   94cde9a427aaec0ecc5fefeac269b5d5
templates/page.about.liquid:
  development: 2017-12-02T13:21:30-08:00   9191d3f2279707f2bd89d8fc4763ab57
templates/page.archive.liquid:
  development: 2017-12-02T13:21:30-08:00   17b8e4971ede59e26b0c5ae2132961d3
templates/page.liquid:
  development: 2017-12-02T13:21:30-08:00   f6b1dd5ca733530d8f80c2459f3f651c
templates/product.liquid:
  development: 2017-12-02T13:21:30-08:00   09ae86e3c78c84e7437d70210fd4357f
templates/search.liquid:
  development: 2017-12-02T13:21:30-08:00   6f251de95151305271efd6a83d7911d6
